PODS:
  - AFNetworking (2.5.3):
    - AFNetworking/NSURLConnection (= 2.5.3)
    - AFNetworking/NSURLSession (= 2.5.3)
    - AFNetworking/Reachability (= 2.5.3)
    - AFNetworking/Security (= 2.5.3)
    - AFNetworking/Serialization (= 2.5.3)
    - AFNetworking/UIKit (= 2.5.3)
  - AFNetworking/NSURLConnection (2.5.3):
    - AFNetworking/Reachability
    - AFNetworking/Security
    - AFNetworking/Serialization
  - AFNetworking/NSURLSession (2.5.3):
    - AFNetworking/Reachability
    - AFNetworking/Security
    - AFNetworking/Serialization
  - AFNetworking/Reachability (2.5.3)
  - AFNetworking/Security (2.5.3)
  - AFNetworking/Serialization (2.5.3)
  - AFNetworking/UIKit (2.5.3):
    - AFNetworking/NSURLConnection
    - AFNetworking/NSURLSession
  - PXImageView (0.1.2):
    - UIImageView_AFNetworking-Blocks
  - UIImageView_AFNetworking-Blocks (0.1.0):
    - AFNetworking (~> 2.0)

DEPENDENCIES:
  - PXImageView (from `../`)

EXTERNAL SOURCES:
  PXImageView:
    :path: "../"

SPEC CHECKSUMS:
  AFNetworking: e1d86c2a96bb5d2e7408da36149806706ee122fe
  PXImageView: 87bc406b74788926fd073fc399b14a30c95e3d11
  UIImageView_AFNetworking-Blocks: 77b5ada4b4a0a1925e4c86cad1f9c3271b8e773f

PODFILE CHECKSUM: baeb77e7736b89c84cb56f619f7c495835ec1a33

COCOAPODS: 1.0.1
