// !$*UTF8*$!
{
	archiveVersion = 1;
	classes = {
	};
	objectVersion = 46;
	objects = {

/* Begin PBXBuildFile section */
		0A660B361D9C80CD0068B182 /* Pods_PXImageViewExample.framework in Frameworks */ = {isa = PBXBuildFile; fileRef = 0A660B351D9C80CD0068B182 /* Pods_PXImageViewExample.framework */; };
		2C4BEA8B1B14DEC000C4FC94 /* PXView.m in Sources */ = {isa = PBXBuildFile; fileRef = 2C4BEA8A1B14DEC000C4FC94 /* PXView.m */; };
		2C65B5401B20DB4D00DA2F98 /* Images.xcassets in Resources */ = {isa = PBXBuildFile; fileRef = 2C65B53F1B20DB4D00DA2F98 /* Images.xcassets */; };
		4BBF6AE41E4D2B0000F71AC4 /* SwiftImages.xcassets in Resources */ = {isa = PBXBuildFile; fileRef = 4BBF6AE31E4D2B0000F71AC4 /* SwiftImages.xcassets */; };
		4BFD951E1E4BD063006BD0EE /* PXImageViewSwiftTests.swift in Sources */ = {isa = PBXBuildFile; fileRef = 4BFD951D1E4BD063006BD0EE /* PXImageViewSwiftTests.swift */; };
		4BFD95261E4BD0AC006BD0EE /* AppDelegate.swift in Sources */ = {isa = PBXBuildFile; fileRef = 55B62A651C766F9D00CB546B /* AppDelegate.swift */; };
		4BFD95271E4BD0B1006BD0EE /* View.swift in Sources */ = {isa = PBXBuildFile; fileRef = 55B62A661C766F9D00CB546B /* View.swift */; };
		4BFD95281E4BD0B1006BD0EE /* ViewController.swift in Sources */ = {isa = PBXBuildFile; fileRef = 55B62A671C766F9D00CB546B /* ViewController.swift */; };
		4BFD952A1E4BD12C006BD0EE /* Foundation.framework in Frameworks */ = {isa = PBXBuildFile; fileRef = 6003F58D195388D20070C39A /* Foundation.framework */; };
		4BFD952B1E4BD12C006BD0EE /* CoreGraphics.framework in Frameworks */ = {isa = PBXBuildFile; fileRef = 6003F58F195388D20070C39A /* CoreGraphics.framework */; };
		4BFD952C1E4BD12C006BD0EE /* UIKit.framework in Frameworks */ = {isa = PBXBuildFile; fileRef = 6003F591195388D20070C39A /* UIKit.framework */; };
		4F01EC25A2F642129521CD70 /* Pods_PXImageViewExample.framework in Frameworks */ = {isa = PBXBuildFile; fileRef = 31B10E3ECBBA0B2AD1173CF7 /* Pods_PXImageViewExample.framework */; };
		6003F58E195388D20070C39A /* Foundation.framework in Frameworks */ = {isa = PBXBuildFile; fileRef = 6003F58D195388D20070C39A /* Foundation.framework */; };
		6003F590195388D20070C39A /* CoreGraphics.framework in Frameworks */ = {isa = PBXBuildFile; fileRef = 6003F58F195388D20070C39A /* CoreGraphics.framework */; };
		6003F592195388D20070C39A /* UIKit.framework in Frameworks */ = {isa = PBXBuildFile; fileRef = 6003F591195388D20070C39A /* UIKit.framework */; };
		6003F598195388D20070C39A /* InfoPlist.strings in Resources */ = {isa = PBXBuildFile; fileRef = 6003F596195388D20070C39A /* InfoPlist.strings */; };
		6003F59A195388D20070C39A /* main.m in Sources */ = {isa = PBXBuildFile; fileRef = 6003F599195388D20070C39A /* main.m */; };
		6003F59E195388D20070C39A /* PXAppDelegate.m in Sources */ = {isa = PBXBuildFile; fileRef = 6003F59D195388D20070C39A /* PXAppDelegate.m */; };
		6003F5A7195388D20070C39A /* PXViewController.m in Sources */ = {isa = PBXBuildFile; fileRef = 6003F5A6195388D20070C39A /* PXViewController.m */; };
		6003F5B0195388D20070C39A /* XCTest.framework in Frameworks */ = {isa = PBXBuildFile; fileRef = 6003F5AF195388D20070C39A /* XCTest.framework */; };
		6003F5B1195388D20070C39A /* Foundation.framework in Frameworks */ = {isa = PBXBuildFile; fileRef = 6003F58D195388D20070C39A /* Foundation.framework */; };
		6003F5B2195388D20070C39A /* UIKit.framework in Frameworks */ = {isa = PBXBuildFile; fileRef = 6003F591195388D20070C39A /* UIKit.framework */; };
		6003F5BA195388D20070C39A /* InfoPlist.strings in Resources */ = {isa = PBXBuildFile; fileRef = 6003F5B8195388D20070C39A /* InfoPlist.strings */; };
		6003F5BC195388D20070C39A /* Tests.m in Sources */ = {isa = PBXBuildFile; fileRef = 6003F5BB195388D20070C39A /* Tests.m */; };
		756BBDD43A2062239B2FE264 /* Pods_PXImageViewExample.framework in Frameworks */ = {isa = PBXBuildFile; fileRef = 31B10E3ECBBA0B2AD1173CF7 /* Pods_PXImageViewExample.framework */; };
		958C6A8F018C75A452518919 /* Pods_PXImageViewSwift.framework in Frameworks */ = {isa = PBXBuildFile; fileRef = 4449751636BC526B7FEE8C5B /* Pods_PXImageViewSwift.framework */; };
		C80786A79BF053FBB29A4EC7 /* Pods_Tests.framework in Frameworks */ = {isa = PBXBuildFile; fileRef = BE8F3EABC19B3A0A926A8B1B /* Pods_Tests.framework */; };
		F487E88418B9272A161B94D8 /* Pods_PXImageViewSwiftTests.framework in Frameworks */ = {isa = PBXBuildFile; fileRef = 10E8FD627EBE087608D36360 /* Pods_PXImageViewSwiftTests.framework */; };
/* End PBXBuildFile section */

/* Begin PBXContainerItemProxy section */
		4BFD951A1E4BD063006BD0EE /* PBXContainerItemProxy */ = {
			isa = PBXContainerItemProxy;
			containerPortal = 6003F582195388D10070C39A /* Project object */;
			proxyType = 1;
			remoteGlobalIDString = 4BFD95051E4BD063006BD0EE;
			remoteInfo = PXImageViewSwift;
		};
		6003F5B3195388D20070C39A /* PBXContainerItemProxy */ = {
			isa = PBXContainerItemProxy;
			containerPortal = 6003F582195388D10070C39A /* Project object */;
			proxyType = 1;
			remoteGlobalIDString = 6003F589195388D20070C39A;
			remoteInfo = PXImageView;
		};
/* End PBXContainerItemProxy section */

/* Begin PBXFileReference section */
		0A660B351D9C80CD0068B182 /* Pods_PXImageViewExample.framework */ = {isa = PBXFileReference; lastKnownFileType = wrapper.framework; name = Pods_PXImageViewExample.framework; path = "../../../Library/Developer/Xcode/DerivedData/PXImageView-heqdytzjfyrabygvjywfqjayjudo/Build/Products/Debug-iphonesimulator/Pods_PXImageViewExample.framework"; sourceTree = "<group>"; };
		10E8FD627EBE087608D36360 /* Pods_PXImageViewSwiftTests.framework */ = {isa = PBXFileReference; explicitFileType = wrapper.framework; includeInIndex = 0; path = Pods_PXImageViewSwiftTests.framework; sourceTree = BUILT_PRODUCTS_DIR; };
		1150010C4B1A1A4E92809191 /* Pods-Tests.release.xcconfig */ = {isa = PBXFileReference; includeInIndex = 1; lastKnownFileType = text.xcconfig; name = "Pods-Tests.release.xcconfig"; path = "Pods/Target Support Files/Pods-Tests/Pods-Tests.release.xcconfig"; sourceTree = "<group>"; };
		17D8BDAC43C8F65548429848 /* PXImageView.podspec */ = {isa = PBXFileReference; includeInIndex = 1; lastKnownFileType = text; name = PXImageView.podspec; path = ../PXImageView.podspec; sourceTree = "<group>"; };
		2C4BEA891B14DEC000C4FC94 /* PXView.h */ = {isa = PBXFileReference; fileEncoding = 4; lastKnownFileType = sourcecode.c.h; path = PXView.h; sourceTree = "<group>"; };
		2C4BEA8A1B14DEC000C4FC94 /* PXView.m */ = {isa = PBXFileReference; fileEncoding = 4; lastKnownFileType = sourcecode.c.objc; path = PXView.m; sourceTree = "<group>"; };
		2C65B53F1B20DB4D00DA2F98 /* Images.xcassets */ = {isa = PBXFileReference; lastKnownFileType = folder.assetcatalog; path = Images.xcassets; sourceTree = "<group>"; };
		31B10E3ECBBA0B2AD1173CF7 /* Pods_PXImageViewExample.framework */ = {isa = PBXFileReference; explicitFileType = wrapper.framework; includeInIndex = 0; path = Pods_PXImageViewExample.framework; sourceTree = BUILT_PRODUCTS_DIR; };
		4449751636BC526B7FEE8C5B /* Pods_PXImageViewSwift.framework */ = {isa = PBXFileReference; explicitFileType = wrapper.framework; includeInIndex = 0; path = Pods_PXImageViewSwift.framework; sourceTree = BUILT_PRODUCTS_DIR; };
		4BBF6AE31E4D2B0000F71AC4 /* SwiftImages.xcassets */ = {isa = PBXFileReference; lastKnownFileType = folder.assetcatalog; path = SwiftImages.xcassets; sourceTree = "<group>"; };
		4BFD95061E4BD063006BD0EE /* PXImageViewSwift.app */ = {isa = PBXFileReference; explicitFileType = wrapper.application; includeInIndex = 0; path = PXImageViewSwift.app; sourceTree = BUILT_PRODUCTS_DIR; };
		4BFD95141E4BD063006BD0EE /* Info.plist */ = {isa = PBXFileReference; lastKnownFileType = text.plist.xml; path = Info.plist; sourceTree = "<group>"; };
		4BFD95191E4BD063006BD0EE /* PXImageViewSwiftTests.xctest */ = {isa = PBXFileReference; explicitFileType = wrapper.cfbundle; includeInIndex = 0; path = PXImageViewSwiftTests.xctest; sourceTree = BUILT_PRODUCTS_DIR; };
		4BFD951D1E4BD063006BD0EE /* PXImageViewSwiftTests.swift */ = {isa = PBXFileReference; lastKnownFileType = sourcecode.swift; path = PXImageViewSwiftTests.swift; sourceTree = "<group>"; };
		4BFD951F1E4BD063006BD0EE /* Info.plist */ = {isa = PBXFileReference; lastKnownFileType = text.plist.xml; path = Info.plist; sourceTree = "<group>"; };
		4BFD952E1E4BD261006BD0EE /* PXImageViewSwift-Bridging-Header.h */ = {isa = PBXFileReference; lastKnownFileType = sourcecode.c.h; path = "PXImageViewSwift-Bridging-Header.h"; sourceTree = "<group>"; };
		55B62A651C766F9D00CB546B /* AppDelegate.swift */ = {isa = PBXFileReference; fileEncoding = 4; lastKnownFileType = sourcecode.swift; name = AppDelegate.swift; path = ../PXImageView/AppDelegate.swift; sourceTree = "<group>"; };
		55B62A661C766F9D00CB546B /* View.swift */ = {isa = PBXFileReference; fileEncoding = 4; lastKnownFileType = sourcecode.swift; name = View.swift; path = ../PXImageView/View.swift; sourceTree = "<group>"; };
		55B62A671C766F9D00CB546B /* ViewController.swift */ = {isa = PBXFileReference; fileEncoding = 4; lastKnownFileType = sourcecode.swift; name = ViewController.swift; path = ../PXImageView/ViewController.swift; sourceTree = "<group>"; };
		5811E96E279D6A2ED66902AD /* README.md */ = {isa = PBXFileReference; includeInIndex = 1; lastKnownFileType = net.daringfireball.markdown; name = README.md; path = ../README.md; sourceTree = "<group>"; };
		6003F58A195388D20070C39A /* PXImageViewExample.app */ = {isa = PBXFileReference; explicitFileType = wrapper.application; includeInIndex = 0; path = PXImageViewExample.app; sourceTree = BUILT_PRODUCTS_DIR; };
		6003F58D195388D20070C39A /* Foundation.framework */ = {isa = PBXFileReference; lastKnownFileType = wrapper.framework; name = Foundation.framework; path = System/Library/Frameworks/Foundation.framework; sourceTree = SDKROOT; };
		6003F58F195388D20070C39A /* CoreGraphics.framework */ = {isa = PBXFileReference; lastKnownFileType = wrapper.framework; name = CoreGraphics.framework; path = System/Library/Frameworks/CoreGraphics.framework; sourceTree = SDKROOT; };
		6003F591195388D20070C39A /* UIKit.framework */ = {isa = PBXFileReference; lastKnownFileType = wrapper.framework; name = UIKit.framework; path = System/Library/Frameworks/UIKit.framework; sourceTree = SDKROOT; };
		6003F595195388D20070C39A /* PXImageView-Info.plist */ = {isa = PBXFileReference; lastKnownFileType = text.plist.xml; path = "PXImageView-Info.plist"; sourceTree = "<group>"; };
		6003F597195388D20070C39A /* en */ = {isa = PBXFileReference; lastKnownFileType = text.plist.strings; name = en; path = en.lproj/InfoPlist.strings; sourceTree = "<group>"; };
		6003F599195388D20070C39A /* main.m */ = {isa = PBXFileReference; lastKnownFileType = sourcecode.c.objc; path = main.m; sourceTree = "<group>"; };
		6003F59B195388D20070C39A /* PXImageView-Prefix.pch */ = {isa = PBXFileReference; lastKnownFileType = sourcecode.c.h; path = "PXImageView-Prefix.pch"; sourceTree = "<group>"; };
		6003F59C195388D20070C39A /* PXAppDelegate.h */ = {isa = PBXFileReference; lastKnownFileType = sourcecode.c.h; path = PXAppDelegate.h; sourceTree = "<group>"; };
		6003F59D195388D20070C39A /* PXAppDelegate.m */ = {isa = PBXFileReference; lastKnownFileType = sourcecode.c.objc; path = PXAppDelegate.m; sourceTree = "<group>"; };
		6003F5A5195388D20070C39A /* PXViewController.h */ = {isa = PBXFileReference; lastKnownFileType = sourcecode.c.h; path = PXViewController.h; sourceTree = "<group>"; };
		6003F5A6195388D20070C39A /* PXViewController.m */ = {isa = PBXFileReference; lastKnownFileType = sourcecode.c.objc; path = PXViewController.m; sourceTree = "<group>"; };
		6003F5AE195388D20070C39A /* Tests.xctest */ = {isa = PBXFileReference; explicitFileType = wrapper.cfbundle; includeInIndex = 0; path = Tests.xctest; sourceTree = BUILT_PRODUCTS_DIR; };
		6003F5AF195388D20070C39A /* XCTest.framework */ = {isa = PBXFileReference; lastKnownFileType = wrapper.framework; name = XCTest.framework; path = Library/Frameworks/XCTest.framework; sourceTree = DEVELOPER_DIR; };
		6003F5B7195388D20070C39A /* Tests-Info.plist */ = {isa = PBXFileReference; lastKnownFileType = text.plist.xml; path = "Tests-Info.plist"; sourceTree = "<group>"; };
		6003F5B9195388D20070C39A /* en */ = {isa = PBXFileReference; lastKnownFileType = text.plist.strings; name = en; path = en.lproj/InfoPlist.strings; sourceTree = "<group>"; };
		6003F5BB195388D20070C39A /* Tests.m */ = {isa = PBXFileReference; lastKnownFileType = sourcecode.c.objc; path = Tests.m; sourceTree = "<group>"; };
		606FC2411953D9B200FFA9A0 /* Tests-Prefix.pch */ = {isa = PBXFileReference; lastKnownFileType = sourcecode.c.h; path = "Tests-Prefix.pch"; sourceTree = "<group>"; };
		6D2353D819C78F5C349F37D4 /* Pods-PXImageViewSwiftTests.release.xcconfig */ = {isa = PBXFileReference; includeInIndex = 1; lastKnownFileType = text.xcconfig; name = "Pods-PXImageViewSwiftTests.release.xcconfig"; path = "Pods/Target Support Files/Pods-PXImageViewSwiftTests/Pods-PXImageViewSwiftTests.release.xcconfig"; sourceTree = "<group>"; };
		986D83290E1D9A8FB858B424 /* Pods-PXImageViewSwift.release.xcconfig */ = {isa = PBXFileReference; includeInIndex = 1; lastKnownFileType = text.xcconfig; name = "Pods-PXImageViewSwift.release.xcconfig"; path = "Pods/Target Support Files/Pods-PXImageViewSwift/Pods-PXImageViewSwift.release.xcconfig"; sourceTree = "<group>"; };
		9CBDAE912E4DD41F54FBC65E /* LICENSE */ = {isa = PBXFileReference; includeInIndex = 1; lastKnownFileType = text; name = LICENSE; path = ../LICENSE; sourceTree = "<group>"; };
		9CC1689DDBD71BA19715E69A /* Pods-Tests.debug.xcconfig */ = {isa = PBXFileReference; includeInIndex = 1; lastKnownFileType = text.xcconfig; name = "Pods-Tests.debug.xcconfig"; path = "Pods/Target Support Files/Pods-Tests/Pods-Tests.debug.xcconfig"; sourceTree = "<group>"; };
		BE8F3EABC19B3A0A926A8B1B /* Pods_Tests.framework */ = {isa = PBXFileReference; explicitFileType = wrapper.framework; includeInIndex = 0; path = Pods_Tests.framework; sourceTree = BUILT_PRODUCTS_DIR; };
		C264CBC7D2CF5F7EA5810F06 /* Pods-PXImageViewSwift.debug.xcconfig */ = {isa = PBXFileReference; includeInIndex = 1; lastKnownFileType = text.xcconfig; name = "Pods-PXImageViewSwift.debug.xcconfig"; path = "Pods/Target Support Files/Pods-PXImageViewSwift/Pods-PXImageViewSwift.debug.xcconfig"; sourceTree = "<group>"; };
		C31D34A11EE0315A44469A09 /* Pods-PXImageViewExample.release.xcconfig */ = {isa = PBXFileReference; includeInIndex = 1; lastKnownFileType = text.xcconfig; name = "Pods-PXImageViewExample.release.xcconfig"; path = "Pods/Target Support Files/Pods-PXImageViewExample/Pods-PXImageViewExample.release.xcconfig"; sourceTree = "<group>"; };
		F24B0D2D9868EC569F362B1A /* Pods-PXImageViewSwiftTests.debug.xcconfig */ = {isa = PBXFileReference; includeInIndex = 1; lastKnownFileType = text.xcconfig; name = "Pods-PXImageViewSwiftTests.debug.xcconfig"; path = "Pods/Target Support Files/Pods-PXImageViewSwiftTests/Pods-PXImageViewSwiftTests.debug.xcconfig"; sourceTree = "<group>"; };
		FC2103C1AC2A4FC60686039D /* Pods-PXImageViewExample.debug.xcconfig */ = {isa = PBXFileReference; includeInIndex = 1; lastKnownFileType = text.xcconfig; name = "Pods-PXImageViewExample.debug.xcconfig"; path = "Pods/Target Support Files/Pods-PXImageViewExample/Pods-PXImageViewExample.debug.xcconfig"; sourceTree = "<group>"; };
/* End PBXFileReference section */

/* Begin PBXFrameworksBuildPhase section */
		4BFD95031E4BD063006BD0EE /* Frameworks */ = {
			isa = PBXFrameworksBuildPhase;
			buildActionMask = 2147483647;
			files = (
				4BFD952A1E4BD12C006BD0EE /* Foundation.framework in Frameworks */,
				4BFD952B1E4BD12C006BD0EE /* CoreGraphics.framework in Frameworks */,
				4BFD952C1E4BD12C006BD0EE /* UIKit.framework in Frameworks */,
				958C6A8F018C75A452518919 /* Pods_PXImageViewSwift.framework in Frameworks */,
			);
			runOnlyForDeploymentPostprocessing = 0;
		};
		4BFD95161E4BD063006BD0EE /* Frameworks */ = {
			isa = PBXFrameworksBuildPhase;
			buildActionMask = 2147483647;
			files = (
				F487E88418B9272A161B94D8 /* Pods_PXImageViewSwiftTests.framework in Frameworks */,
			);
			runOnlyForDeploymentPostprocessing = 0;
		};
		6003F587195388D20070C39A /* Frameworks */ = {
			isa = PBXFrameworksBuildPhase;
			buildActionMask = 2147483647;
			files = (
				0A660B361D9C80CD0068B182 /* Pods_PXImageViewExample.framework in Frameworks */,
				6003F590195388D20070C39A /* CoreGraphics.framework in Frameworks */,
				6003F592195388D20070C39A /* UIKit.framework in Frameworks */,
				6003F58E195388D20070C39A /* Foundation.framework in Frameworks */,
				756BBDD43A2062239B2FE264 /* Pods_PXImageViewExample.framework in Frameworks */,
				4F01EC25A2F642129521CD70 /* Pods_PXImageViewExample.framework in Frameworks */,
			);
			runOnlyForDeploymentPostprocessing = 0;
		};
		6003F5AB195388D20070C39A /* Frameworks */ = {
			isa = PBXFrameworksBuildPhase;
			buildActionMask = 2147483647;
			files = (
				6003F5B0195388D20070C39A /* XCTest.framework in Frameworks */,
				6003F5B2195388D20070C39A /* UIKit.framework in Frameworks */,
				6003F5B1195388D20070C39A /* Foundation.framework in Frameworks */,
				C80786A79BF053FBB29A4EC7 /* Pods_Tests.framework in Frameworks */,
			);
			runOnlyForDeploymentPostprocessing = 0;
		};
/* End PBXFrameworksBuildPhase section */

/* Begin PBXGroup section */
		4BFD95071E4BD063006BD0EE /* PXImageViewSwift */ = {
			isa = PBXGroup;
			children = (
				55B62A651C766F9D00CB546B /* AppDelegate.swift */,
				55B62A661C766F9D00CB546B /* View.swift */,
				55B62A671C766F9D00CB546B /* ViewController.swift */,
				4BBF6AE31E4D2B0000F71AC4 /* SwiftImages.xcassets */,
				4BFD95141E4BD063006BD0EE /* Info.plist */,
				4BFD952E1E4BD261006BD0EE /* PXImageViewSwift-Bridging-Header.h */,
			);
			path = PXImageViewSwift;
			sourceTree = "<group>";
		};
		4BFD951C1E4BD063006BD0EE /* PXImageViewSwiftTests */ = {
			isa = PBXGroup;
			children = (
				4BFD951D1E4BD063006BD0EE /* PXImageViewSwiftTests.swift */,
				4BFD951F1E4BD063006BD0EE /* Info.plist */,
			);
			path = PXImageViewSwiftTests;
			sourceTree = "<group>";
		};
		6003F581195388D10070C39A = {
			isa = PBXGroup;
			children = (
				60FF7A9C1954A5C5007DD14C /* Podspec Metadata */,
				6003F593195388D20070C39A /* PXImageView */,
				6003F5B5195388D20070C39A /* Tests */,
				4BFD95071E4BD063006BD0EE /* PXImageViewSwift */,
				4BFD951C1E4BD063006BD0EE /* PXImageViewSwiftTests */,
				6003F58C195388D20070C39A /* Frameworks */,
				6003F58B195388D20070C39A /* Products */,
				ECF3E48EA447A101980DB3AF /* Pods */,
			);
			sourceTree = "<group>";
		};
		6003F58B195388D20070C39A /* Products */ = {
			isa = PBXGroup;
			children = (
				6003F58A195388D20070C39A /* PXImageViewExample.app */,
				6003F5AE195388D20070C39A /* Tests.xctest */,
				4BFD95061E4BD063006BD0EE /* PXImageViewSwift.app */,
				4BFD95191E4BD063006BD0EE /* PXImageViewSwiftTests.xctest */,
			);
			name = Products;
			sourceTree = "<group>";
		};
		6003F58C195388D20070C39A /* Frameworks */ = {
			isa = PBXGroup;
			children = (
				0A660B351D9C80CD0068B182 /* Pods_PXImageViewExample.framework */,
				6003F58D195388D20070C39A /* Foundation.framework */,
				6003F58F195388D20070C39A /* CoreGraphics.framework */,
				6003F591195388D20070C39A /* UIKit.framework */,
				6003F5AF195388D20070C39A /* XCTest.framework */,
				31B10E3ECBBA0B2AD1173CF7 /* Pods_PXImageViewExample.framework */,
				BE8F3EABC19B3A0A926A8B1B /* Pods_Tests.framework */,
				4449751636BC526B7FEE8C5B /* Pods_PXImageViewSwift.framework */,
				10E8FD627EBE087608D36360 /* Pods_PXImageViewSwiftTests.framework */,
			);
			name = Frameworks;
			sourceTree = "<group>";
		};
		6003F593195388D20070C39A /* PXImageView */ = {
			isa = PBXGroup;
			children = (
				6003F59C195388D20070C39A /* PXAppDelegate.h */,
				6003F59D195388D20070C39A /* PXAppDelegate.m */,
				6003F5A5195388D20070C39A /* PXViewController.h */,
				6003F5A6195388D20070C39A /* PXViewController.m */,
				2C4BEA891B14DEC000C4FC94 /* PXView.h */,
				2C4BEA8A1B14DEC000C4FC94 /* PXView.m */,
				2C65B53F1B20DB4D00DA2F98 /* Images.xcassets */,
				6003F594195388D20070C39A /* Supporting Files */,
			);
			path = PXImageView;
			sourceTree = "<group>";
		};
		6003F594195388D20070C39A /* Supporting Files */ = {
			isa = PBXGroup;
			children = (
				6003F595195388D20070C39A /* PXImageView-Info.plist */,
				6003F596195388D20070C39A /* InfoPlist.strings */,
				6003F599195388D20070C39A /* main.m */,
				6003F59B195388D20070C39A /* PXImageView-Prefix.pch */,
			);
			name = "Supporting Files";
			sourceTree = "<group>";
		};
		6003F5B5195388D20070C39A /* Tests */ = {
			isa = PBXGroup;
			children = (
				6003F5BB195388D20070C39A /* Tests.m */,
				6003F5B6195388D20070C39A /* Supporting Files */,
			);
			path = Tests;
			sourceTree = "<group>";
		};
		6003F5B6195388D20070C39A /* Supporting Files */ = {
			isa = PBXGroup;
			children = (
				6003F5B7195388D20070C39A /* Tests-Info.plist */,
				6003F5B8195388D20070C39A /* InfoPlist.strings */,
				606FC2411953D9B200FFA9A0 /* Tests-Prefix.pch */,
			);
			name = "Supporting Files";
			sourceTree = "<group>";
		};
		60FF7A9C1954A5C5007DD14C /* Podspec Metadata */ = {
			isa = PBXGroup;
			children = (
				17D8BDAC43C8F65548429848 /* PXImageView.podspec */,
				5811E96E279D6A2ED66902AD /* README.md */,
				9CBDAE912E4DD41F54FBC65E /* LICENSE */,
			);
			name = "Podspec Metadata";
			sourceTree = "<group>";
		};
		ECF3E48EA447A101980DB3AF /* Pods */ = {
			isa = PBXGroup;
			children = (
				FC2103C1AC2A4FC60686039D /* Pods-PXImageViewExample.debug.xcconfig */,
				C31D34A11EE0315A44469A09 /* Pods-PXImageViewExample.release.xcconfig */,
				9CC1689DDBD71BA19715E69A /* Pods-Tests.debug.xcconfig */,
				1150010C4B1A1A4E92809191 /* Pods-Tests.release.xcconfig */,
				C264CBC7D2CF5F7EA5810F06 /* Pods-PXImageViewSwift.debug.xcconfig */,
				986D83290E1D9A8FB858B424 /* Pods-PXImageViewSwift.release.xcconfig */,
				F24B0D2D9868EC569F362B1A /* Pods-PXImageViewSwiftTests.debug.xcconfig */,
				6D2353D819C78F5C349F37D4 /* Pods-PXImageViewSwiftTests.release.xcconfig */,
			);
			name = Pods;
			sourceTree = "<group>";
		};
/* End PBXGroup section */

/* Begin PBXNativeTarget section */
		4BFD95051E4BD063006BD0EE /* PXImageViewSwift */ = {
			isa = PBXNativeTarget;
			buildConfigurationList = 4BFD95241E4BD063006BD0EE /* Build configuration list for PBXNativeTarget "PXImageViewSwift" */;
			buildPhases = (
				9E66A2D49871C34B89695038 /* [CP] Check Pods Manifest.lock */,
				4BFD95021E4BD063006BD0EE /* Sources */,
				4BFD95031E4BD063006BD0EE /* Frameworks */,
				4BFD95041E4BD063006BD0EE /* Resources */,
				CF3D48DC8E52A5C413D4ED42 /* [CP] Embed Pods Frameworks */,
				3666AB18B59F33323652224B /* [CP] Copy Pods Resources */,
			);
			buildRules = (
			);
			dependencies = (
			);
			name = PXImageViewSwift;
			productName = PXImageViewSwift;
			productReference = 4BFD95061E4BD063006BD0EE /* PXImageViewSwift.app */;
			productType = "com.apple.product-type.application";
		};
		4BFD95181E4BD063006BD0EE /* PXImageViewSwiftTests */ = {
			isa = PBXNativeTarget;
			buildConfigurationList = 4BFD95251E4BD063006BD0EE /* Build configuration list for PBXNativeTarget "PXImageViewSwiftTests" */;
			buildPhases = (
				49E6FEBE7E759C99DCBBFFC4 /* [CP] Check Pods Manifest.lock */,
				4BFD95151E4BD063006BD0EE /* Sources */,
				4BFD95161E4BD063006BD0EE /* Frameworks */,
				4BFD95171E4BD063006BD0EE /* Resources */,
				A993F2FBC00F2F1DB9E286E5 /* [CP] Embed Pods Frameworks */,
				454D3363BC90E7F199F86E2F /* [CP] Copy Pods Resources */,
			);
			buildRules = (
			);
			dependencies = (
				4BFD951B1E4BD063006BD0EE /* PBXTargetDependency */,
			);
			name = PXImageViewSwiftTests;
			productName = PXImageViewSwiftTests;
			productReference = 4BFD95191E4BD063006BD0EE /* PXImageViewSwiftTests.xctest */;
			productType = "com.apple.product-type.bundle.unit-test";
		};
		6003F589195388D20070C39A /* PXImageViewExample */ = {
			isa = PBXNativeTarget;
			buildConfigurationList = 6003F5BF195388D20070C39A /* Build configuration list for PBXNativeTarget "PXImageViewExample" */;
			buildPhases = (
				32E0C1858C2A9BFDD4CA7415 /* [CP] Check Pods Manifest.lock */,
				6003F586195388D20070C39A /* Sources */,
				6003F587195388D20070C39A /* Frameworks */,
				6003F588195388D20070C39A /* Resources */,
				75EC5A10080ED0D707336CD2 /* [CP] Embed Pods Frameworks */,
				721B0188A0A469532122CE22 /* [CP] Copy Pods Resources */,
			);
			buildRules = (
			);
			dependencies = (
			);
			name = PXImageViewExample;
			productName = PXImageView;
			productReference = 6003F58A195388D20070C39A /* PXImageViewExample.app */;
			productType = "com.apple.product-type.application";
		};
		6003F5AD195388D20070C39A /* Tests */ = {
			isa = PBXNativeTarget;
			buildConfigurationList = 6003F5C2195388D20070C39A /* Build configuration list for PBXNativeTarget "Tests" */;
			buildPhases = (
				93CBCFA53CD6CE75CFE75CB5 /* [CP] Check Pods Manifest.lock */,
				6003F5AA195388D20070C39A /* Sources */,
				6003F5AB195388D20070C39A /* Frameworks */,
				6003F5AC195388D20070C39A /* Resources */,
				CDA43BAEB6D832B3481902DF /* [CP] Embed Pods Frameworks */,
				C0F46AD7BAA5EF16919234A5 /* [CP] Copy Pods Resources */,
			);
			buildRules = (
			);
			dependencies = (
				6003F5B4195388D20070C39A /* PBXTargetDependency */,
			);
			name = Tests;
			productName = PXImageViewTests;
			productReference = 6003F5AE195388D20070C39A /* Tests.xctest */;
			productType = "com.apple.product-type.bundle.unit-test";
		};
/* End PBXNativeTarget section */

/* Begin PBXProject section */
		6003F582195388D10070C39A /* Project object */ = {
			isa = PBXProject;
			attributes = {
				CLASSPREFIX = PX;
				LastSwiftUpdateCheck = 0820;
				LastUpgradeCheck = 0800;
				ORGANIZATIONNAME = "Daniel Blakemore";
				TargetAttributes = {
					4BFD95051E4BD063006BD0EE = {
						CreatedOnToolsVersion = 8.2.1;
						ProvisioningStyle = Automatic;
					};
					4BFD95181E4BD063006BD0EE = {
						CreatedOnToolsVersion = 8.2.1;
						ProvisioningStyle = Automatic;
						TestTargetID = 4BFD95051E4BD063006BD0EE;
					};
					6003F589195388D20070C39A = {
						LastSwiftMigration = 0800;
					};
					6003F5AD195388D20070C39A = {
						LastSwiftMigration = 0800;
						TestTargetID = 6003F589195388D20070C39A;
					};
				};
			};
			buildConfigurationList = 6003F585195388D10070C39A /* Build configuration list for PBXProject "PXImageView" */;
			compatibilityVersion = "Xcode 3.2";
			developmentRegion = English;
			hasScannedForEncodings = 0;
			knownRegions = (
				en,
				Base,
			);
			mainGroup = 6003F581195388D10070C39A;
			productRefGroup = 6003F58B195388D20070C39A /* Products */;
			projectDirPath = "";
			projectRoot = "";
			targets = (
				6003F589195388D20070C39A /* PXImageViewExample */,
				6003F5AD195388D20070C39A /* Tests */,
				4BFD95051E4BD063006BD0EE /* PXImageViewSwift */,
				4BFD95181E4BD063006BD0EE /* PXImageViewSwiftTests */,
			);
		};
/* End PBXProject section */

/* Begin PBXResourcesBuildPhase section */
		4BFD95041E4BD063006BD0EE /* Resources */ = {
			isa = PBXResourcesBuildPhase;
			buildActionMask = 2147483647;
			files = (
				4BBF6AE41E4D2B0000F71AC4 /* SwiftImages.xcassets in Resources */,
			);
			runOnlyForDeploymentPostprocessing = 0;
		};
		4BFD95171E4BD063006BD0EE /* Resources */ = {
			isa = PBXResourcesBuildPhase;
			buildActionMask = 2147483647;
			files = (
			);
			runOnlyForDeploymentPostprocessing = 0;
		};
		6003F588195388D20070C39A /* Resources */ = {
			isa = PBXResourcesBuildPhase;
			buildActionMask = 2147483647;
			files = (
				6003F598195388D20070C39A /* InfoPlist.strings in Resources */,
				2C65B5401B20DB4D00DA2F98 /* Images.xcassets in Resources */,
			);
			runOnlyForDeploymentPostprocessing = 0;
		};
		6003F5AC195388D20070C39A /* Resources */ = {
			isa = PBXResourcesBuildPhase;
			buildActionMask = 2147483647;
			files = (
				6003F5BA195388D20070C39A /* InfoPlist.strings in Resources */,
			);
			runOnlyForDeploymentPostprocessing = 0;
		};
/* End PBXResourcesBuildPhase section */

/* Begin PBXShellScriptBuildPhase section */
		32E0C1858C2A9BFDD4CA7415 /* [CP] Check Pods Manifest.lock */ = {
			isa = PBXShellScriptBuildPhase;
			buildActionMask = 2147483647;
			files = (
			);
			inputPaths = (
			);
			name = "[CP] Check Pods Manifest.lock";
			outputPaths = (
			);
			runOnlyForDeploymentPostprocessing = 0;
			shellPath = /bin/sh;
			shellScript = "diff \"${PODS_ROOT}/../Podfile.lock\" \"${PODS_ROOT}/Manifest.lock\" > /dev/null\nif [ $? != 0 ] ; then\n    # print error to STDERR\n    echo \"error: The sandbox is not in sync with the Podfile.lock. Run 'pod install' or update your CocoaPods installation.\" >&2\n    exit 1\nfi\n";
			showEnvVarsInLog = 0;
		};
		3666AB18B59F33323652224B /* [CP] Copy Pods Resources */ = {
			isa = PBXShellScriptBuildPhase;
			buildActionMask = 2147483647;
			files = (
			);
			inputPaths = (
			);
			name = "[CP] Copy Pods Resources";
			outputPaths = (
			);
			runOnlyForDeploymentPostprocessing = 0;
			shellPath = /bin/sh;
			shellScript = "\"${SRCROOT}/Pods/Target Support Files/Pods-PXImageViewSwift/Pods-PXImageViewSwift-resources.sh\"\n";
			showEnvVarsInLog = 0;
		};
		454D3363BC90E7F199F86E2F /* [CP] Copy Pods Resources */ = {
			isa = PBXShellScriptBuildPhase;
			buildActionMask = 2147483647;
			files = (
			);
			inputPaths = (
			);
			name = "[CP] Copy Pods Resources";
			outputPaths = (
			);
			runOnlyForDeploymentPostprocessing = 0;
			shellPath = /bin/sh;
			shellScript = "\"${SRCROOT}/Pods/Target Support Files/Pods-PXImageViewSwiftTests/Pods-PXImageViewSwiftTests-resources.sh\"\n";
			showEnvVarsInLog = 0;
		};
		49E6FEBE7E759C99DCBBFFC4 /* [CP] Check Pods Manifest.lock */ = {
			isa = PBXShellScriptBuildPhase;
			buildActionMask = 2147483647;
			files = (
			);
			inputPaths = (
			);
			name = "[CP] Check Pods Manifest.lock";
			outputPaths = (
			);
			runOnlyForDeploymentPostprocessing = 0;
			shellPath = /bin/sh;
			shellScript = "diff \"${PODS_ROOT}/../Podfile.lock\" \"${PODS_ROOT}/Manifest.lock\" > /dev/null\nif [ $? != 0 ] ; then\n    # print error to STDERR\n    echo \"error: The sandbox is not in sync with the Podfile.lock. Run 'pod install' or update your CocoaPods installation.\" >&2\n    exit 1\nfi\n";
			showEnvVarsInLog = 0;
		};
		721B0188A0A469532122CE22 /* [CP] Copy Pods Resources */ = {
			isa = PBXShellScriptBuildPhase;
			buildActionMask = 2147483647;
			files = (
			);
			inputPaths = (
			);
			name = "[CP] Copy Pods Resources";
			outputPaths = (
			);
			runOnlyForDeploymentPostprocessing = 0;
			shellPath = /bin/sh;
			shellScript = "\"${SRCROOT}/Pods/Target Support Files/Pods-PXImageViewExample/Pods-PXImageViewExample-resources.sh\"\n";
			showEnvVarsInLog = 0;
		};
		75EC5A10080ED0D707336CD2 /* [CP] Embed Pods Frameworks */ = {
			isa = PBXShellScriptBuildPhase;
			buildActionMask = 2147483647;
			files = (
			);
			inputPaths = (
			);
			name = "[CP] Embed Pods Frameworks";
			outputPaths = (
			);
			runOnlyForDeploymentPostprocessing = 0;
			shellPath = /bin/sh;
			shellScript = "\"${SRCROOT}/Pods/Target Support Files/Pods-PXImageViewExample/Pods-PXImageViewExample-frameworks.sh\"\n";
			showEnvVarsInLog = 0;
		};
		93CBCFA53CD6CE75CFE75CB5 /* [CP] Check Pods Manifest.lock */ = {
			isa = PBXShellScriptBuildPhase;
			buildActionMask = 2147483647;
			files = (
			);
			inputPaths = (
			);
			name = "[CP] Check Pods Manifest.lock";
			outputPaths = (
			);
			runOnlyForDeploymentPostprocessing = 0;
			shellPath = /bin/sh;
			shellScript = "diff \"${PODS_ROOT}/../Podfile.lock\" \"${PODS_ROOT}/Manifest.lock\" > /dev/null\nif [ $? != 0 ] ; then\n    # print error to STDERR\n    echo \"error: The sandbox is not in sync with the Podfile.lock. Run 'pod install' or update your CocoaPods installation.\" >&2\n    exit 1\nfi\n";
			showEnvVarsInLog = 0;
		};
		9E66A2D49871C34B89695038 /* [CP] Check Pods Manifest.lock */ = {
			isa = PBXShellScriptBuildPhase;
			buildActionMask = 2147483647;
			files = (
			);
			inputPaths = (
			);
			name = "[CP] Check Pods Manifest.lock";
			outputPaths = (
			);
			runOnlyForDeploymentPostprocessing = 0;
			shellPath = /bin/sh;
			shellScript = "diff \"${PODS_ROOT}/../Podfile.lock\" \"${PODS_ROOT}/Manifest.lock\" > /dev/null\nif [ $? != 0 ] ; then\n    # print error to STDERR\n    echo \"error: The sandbox is not in sync with the Podfile.lock. Run 'pod install' or update your CocoaPods installation.\" >&2\n    exit 1\nfi\n";
			showEnvVarsInLog = 0;
		};
		A993F2FBC00F2F1DB9E286E5 /* [CP] Embed Pods Frameworks */ = {
			isa = PBXShellScriptBuildPhase;
			buildActionMask = 2147483647;
			files = (
			);
			inputPaths = (
			);
			name = "[CP] Embed Pods Frameworks";
			outputPaths = (
			);
			runOnlyForDeploymentPostprocessing = 0;
			shellPath = /bin/sh;
			shellScript = "\"${SRCROOT}/Pods/Target Support Files/Pods-PXImageViewSwiftTests/Pods-PXImageViewSwiftTests-frameworks.sh\"\n";
			showEnvVarsInLog = 0;
		};
		C0F46AD7BAA5EF16919234A5 /* [CP] Copy Pods Resources */ = {
			isa = PBXShellScriptBuildPhase;
			buildActionMask = 2147483647;
			files = (
			);
			inputPaths = (
			);
			name = "[CP] Copy Pods Resources";
			outputPaths = (
			);
			runOnlyForDeploymentPostprocessing = 0;
			shellPath = /bin/sh;
			shellScript = "\"${SRCROOT}/Pods/Target Support Files/Pods-Tests/Pods-Tests-resources.sh\"\n";
			showEnvVarsInLog = 0;
		};
		CDA43BAEB6D832B3481902DF /* [CP] Embed Pods Frameworks */ = {
			isa = PBXShellScriptBuildPhase;
			buildActionMask = 2147483647;
			files = (
			);
			inputPaths = (
			);
			name = "[CP] Embed Pods Frameworks";
			outputPaths = (
			);
			runOnlyForDeploymentPostprocessing = 0;
			shellPath = /bin/sh;
			shellScript = "\"${SRCROOT}/Pods/Target Support Files/Pods-Tests/Pods-Tests-frameworks.sh\"\n";
			showEnvVarsInLog = 0;
		};
		CF3D48DC8E52A5C413D4ED42 /* [CP] Embed Pods Frameworks */ = {
			isa = PBXShellScriptBuildPhase;
			buildActionMask = 2147483647;
			files = (
			);
			inputPaths = (
			);
			name = "[CP] Embed Pods Frameworks";
			outputPaths = (
			);
			runOnlyForDeploymentPostprocessing = 0;
			shellPath = /bin/sh;
			shellScript = "\"${SRCROOT}/Pods/Target Support Files/Pods-PXImageViewSwift/Pods-PXImageViewSwift-frameworks.sh\"\n";
			showEnvVarsInLog = 0;
		};
/* End PBXShellScriptBuildPhase section */

/* Begin PBXSourcesBuildPhase section */
		4BFD95021E4BD063006BD0EE /* Sources */ = {
			isa = PBXSourcesBuildPhase;
			buildActionMask = 2147483647;
			files = (
				4BFD95281E4BD0B1006BD0EE /* ViewController.swift in Sources */,
				4BFD95271E4BD0B1006BD0EE /* View.swift in Sources */,
				4BFD95261E4BD0AC006BD0EE /* AppDelegate.swift in Sources */,
			);
			runOnlyForDeploymentPostprocessing = 0;
		};
		4BFD95151E4BD063006BD0EE /* Sources */ = {
			isa = PBXSourcesBuildPhase;
			buildActionMask = 2147483647;
			files = (
				4BFD951E1E4BD063006BD0EE /* PXImageViewSwiftTests.swift in Sources */,
			);
			runOnlyForDeploymentPostprocessing = 0;
		};
		6003F586195388D20070C39A /* Sources */ = {
			isa = PBXSourcesBuildPhase;
			buildActionMask = 2147483647;
			files = (
				6003F59E195388D20070C39A /* PXAppDelegate.m in Sources */,
				6003F5A7195388D20070C39A /* PXViewController.m in Sources */,
				2C4BEA8B1B14DEC000C4FC94 /* PXView.m in Sources */,
				6003F59A195388D20070C39A /* main.m in Sources */,
			);
			runOnlyForDeploymentPostprocessing = 0;
		};
		6003F5AA195388D20070C39A /* Sources */ = {
			isa = PBXSourcesBuildPhase;
			buildActionMask = 2147483647;
			files = (
				6003F5BC195388D20070C39A /* Tests.m in Sources */,
			);
			runOnlyForDeploymentPostprocessing = 0;
		};
/* End PBXSourcesBuildPhase section */

/* Begin PBXTargetDependency section */
		4BFD951B1E4BD063006BD0EE /* PBXTargetDependency */ = {
			isa = PBXTargetDependency;
			target = 4BFD95051E4BD063006BD0EE /* PXImageViewSwift */;
			targetProxy = 4BFD951A1E4BD063006BD0EE /* PBXContainerItemProxy */;
		};
		6003F5B4195388D20070C39A /* PBXTargetDependency */ = {
			isa = PBXTargetDependency;
			target = 6003F589195388D20070C39A /* PXImageViewExample */;
			targetProxy = 6003F5B3195388D20070C39A /* PBXContainerItemProxy */;
		};
/* End PBXTargetDependency section */

/* Begin PBXVariantGroup section */
		6003F596195388D20070C39A /* InfoPlist.strings */ = {
			isa = PBXVariantGroup;
			children = (
				6003F597195388D20070C39A /* en */,
			);
			name = InfoPlist.strings;
			sourceTree = "<group>";
		};
		6003F5B8195388D20070C39A /* InfoPlist.strings */ = {
			isa = PBXVariantGroup;
			children = (
				6003F5B9195388D20070C39A /* en */,
			);
			name = InfoPlist.strings;
			sourceTree = "<group>";
		};
/* End PBXVariantGroup section */

/* Begin XCBuildConfiguration section */
		4BFD95201E4BD063006BD0EE /* Debug */ = {
			isa = XCBuildConfiguration;
			baseConfigurationReference = C264CBC7D2CF5F7EA5810F06 /* Pods-PXImageViewSwift.debug.xcconfig */;
			buildSettings = {
				ASSETCATALOG_COMPILER_APPICON_NAME = AppIcon;
				CLANG_ANALYZER_NONNULL = YES;
				CLANG_WARN_DOCUMENTATION_COMMENTS = YES;
				DEBUG_INFORMATION_FORMAT = dwarf;
				INFOPLIST_FILE = PXImageViewSwift/Info.plist;
				LD_RUNPATH_SEARCH_PATHS = "$(inherited) @executable_path/Frameworks";
				MTL_ENABLE_DEBUG_INFO = YES;
				PRODUCT_BUNDLE_IDENTIFIER = org.cocoapods.demo.PXImageViewSwiftExample.PXImageViewSwift;
				PRODUCT_NAME = "$(TARGET_NAME)";
				SWIFT_ACTIVE_COMPILATION_CONDITIONS = DEBUG;
				SWIFT_OBJC_BRIDGING_HEADER = "PXImageViewSwift/PXImageViewSwift-Bridging-Header.h";
				SWIFT_OPTIMIZATION_LEVEL = "-Onone";
				SWIFT_VERSION = 3.0;
			};
			name = Debug;
		};
		4BFD95211E4BD063006BD0EE /* Release */ = {
			isa = XCBuildConfiguration;
			baseConfigurationReference = 986D83290E1D9A8FB858B424 /* Pods-PXImageViewSwift.release.xcconfig */;
			buildSettings = {
				ASSETCATALOG_COMPILER_APPICON_NAME = AppIcon;
				CLANG_ANALYZER_NONNULL = YES;
				CLANG_WARN_DOCUMENTATION_COMMENTS = YES;
				COPY_PHASE_STRIP = NO;
				DEBUG_INFORMATION_FORMAT = "dwarf-with-dsym";
				INFOPLIST_FILE = PXImageViewSwift/Info.plist;
				LD_RUNPATH_SEARCH_PATHS = "$(inherited) @executable_path/Frameworks";
				MTL_ENABLE_DEBUG_INFO = NO;
				PRODUCT_BUNDLE_IDENTIFIER = org.cocoapods.demo.PXImageViewSwiftExample.PXImageViewSwift;
				PRODUCT_NAME = "$(TARGET_NAME)";
				SWIFT_OBJC_BRIDGING_HEADER = "PXImageViewSwift/PXImageViewSwift-Bridging-Header.h";
				SWIFT_VERSION = 3.0;
			};
			name = Release;
		};
		4BFD95221E4BD063006BD0EE /* Debug */ = {
			isa = XCBuildConfiguration;
			baseConfigurationReference = F24B0D2D9868EC569F362B1A /* Pods-PXImageViewSwiftTests.debug.xcconfig */;
			buildSettings = {
				ALWAYS_EMBED_SWIFT_STANDARD_LIBRARIES = YES;
				BUNDLE_LOADER = "$(TEST_HOST)";
				CLANG_ANALYZER_NONNULL = YES;
				CLANG_WARN_DOCUMENTATION_COMMENTS = YES;
				DEBUG_INFORMATION_FORMAT = dwarf;
				INFOPLIST_FILE = PXImageViewSwiftTests/Info.plist;
				IPHONEOS_DEPLOYMENT_TARGET = 10.2;
				LD_RUNPATH_SEARCH_PATHS = "$(inherited) @executable_path/Frameworks @loader_path/Frameworks";
				MTL_ENABLE_DEBUG_INFO = YES;
				PRODUCT_BUNDLE_IDENTIFIER = org.cocoapods.demo.PXImageViewSwiftExample.PXImageViewSwiftTests;
				PRODUCT_NAME = "$(TARGET_NAME)";
				SWIFT_ACTIVE_COMPILATION_CONDITIONS = DEBUG;
				SWIFT_OPTIMIZATION_LEVEL = "-Onone";
				SWIFT_VERSION = 3.0;
				TEST_HOST = "$(BUILT_PRODUCTS_DIR)/PXImageViewSwift.app/PXImageViewSwift";
			};
			name = Debug;
		};
		4BFD95231E4BD063006BD0EE /* Release */ = {
			isa = XCBuildConfiguration;
			baseConfigurationReference = 6D2353D819C78F5C349F37D4 /* Pods-PXImageViewSwiftTests.release.xcconfig */;
			buildSettings = {
				ALWAYS_EMBED_SWIFT_STANDARD_LIBRARIES = YES;
				BUNDLE_LOADER = "$(TEST_HOST)";
				CLANG_ANALYZER_NONNULL = YES;
				CLANG_WARN_DOCUMENTATION_COMMENTS = YES;
				COPY_PHASE_STRIP = NO;
				DEBUG_INFORMATION_FORMAT = "dwarf-with-dsym";
				INFOPLIST_FILE = PXImageViewSwiftTests/Info.plist;
				IPHONEOS_DEPLOYMENT_TARGET = 10.2;
				LD_RUNPATH_SEARCH_PATHS = "$(inherited) @executable_path/Frameworks @loader_path/Frameworks";
				MTL_ENABLE_DEBUG_INFO = NO;
				PRODUCT_BUNDLE_IDENTIFIER = org.cocoapods.demo.PXImageViewSwiftExample.PXImageViewSwiftTests;
				PRODUCT_NAME = "$(TARGET_NAME)";
				SWIFT_VERSION = 3.0;
				TEST_HOST = "$(BUILT_PRODUCTS_DIR)/PXImageViewSwift.app/PXImageViewSwift";
			};
			name = Release;
		};
		6003F5BD195388D20070C39A /* Debug */ = {
			isa = XCBuildConfiguration;
			buildSettings = {
				ALWAYS_SEARCH_USER_PATHS = NO;
				CLANG_CXX_LANGUAGE_STANDARD = "gnu++0x";
				CLANG_CXX_LIBRARY = "libc++";
				CLANG_ENABLE_MODULES = YES;
				CLANG_ENABLE_OBJC_ARC = YES;
				CLANG_WARN_BOOL_CONVERSION = YES;
				CLANG_WARN_CONSTANT_CONVERSION = YES;
				CLANG_WARN_DIRECT_OBJC_ISA_USAGE = YES_ERROR;
				CLANG_WARN_EMPTY_BODY = YES;
				CLANG_WARN_ENUM_CONVERSION = YES;
				CLANG_WARN_INFINITE_RECURSION = YES;
				CLANG_WARN_INT_CONVERSION = YES;
				CLANG_WARN_OBJC_ROOT_CLASS = YES_ERROR;
				CLANG_WARN_SUSPICIOUS_MOVE = YES;
				CLANG_WARN_UNREACHABLE_CODE = YES;
				CLANG_WARN__DUPLICATE_METHOD_MATCH = YES;
				"CODE_SIGN_IDENTITY[sdk=iphoneos*]" = "iPhone Developer";
				COPY_PHASE_STRIP = NO;
				ENABLE_STRICT_OBJC_MSGSEND = YES;
				ENABLE_TESTABILITY = YES;
				GCC_C_LANGUAGE_STANDARD = gnu99;
				GCC_DYNAMIC_NO_PIC = NO;
				GCC_NO_COMMON_BLOCKS = YES;
				GCC_OPTIMIZATION_LEVEL = 0;
				GCC_PREPROCESSOR_DEFINITIONS = (
					"DEBUG=1",
					"$(inherited)",
				);
				GCC_SYMBOLS_PRIVATE_EXTERN = NO;
				GCC_WARN_64_TO_32_BIT_CONVERSION = YES;
				GCC_WARN_ABOUT_RETURN_TYPE = YES_ERROR;
				GCC_WARN_UNDECLARED_SELECTOR = YES;
				GCC_WARN_UNINITIALIZED_AUTOS = YES_AGGRESSIVE;
				GCC_WARN_UNUSED_FUNCTION = YES;
				GCC_WARN_UNUSED_VARIABLE = YES;
				IPHONEOS_DEPLOYMENT_TARGET = 8.0;
				ONLY_ACTIVE_ARCH = YES;
				SDKROOT = iphoneos;
				SWIFT_INSTALL_OBJC_HEADER = NO;
				SWIFT_VERSION = 3.0;
				TARGETED_DEVICE_FAMILY = "1,2";
			};
			name = Debug;
		};
		6003F5BE195388D20070C39A /* Release */ = {
			isa = XCBuildConfiguration;
			buildSettings = {
				ALWAYS_SEARCH_USER_PATHS = NO;
				CLANG_CXX_LANGUAGE_STANDARD = "gnu++0x";
				CLANG_CXX_LIBRARY = "libc++";
				CLANG_ENABLE_MODULES = YES;
				CLANG_ENABLE_OBJC_ARC = YES;
				CLANG_WARN_BOOL_CONVERSION = YES;
				CLANG_WARN_CONSTANT_CONVERSION = YES;
				CLANG_WARN_DIRECT_OBJC_ISA_USAGE = YES_ERROR;
				CLANG_WARN_EMPTY_BODY = YES;
				CLANG_WARN_ENUM_CONVERSION = YES;
				CLANG_WARN_INFINITE_RECURSION = YES;
				CLANG_WARN_INT_CONVERSION = YES;
				CLANG_WARN_OBJC_ROOT_CLASS = YES_ERROR;
				CLANG_WARN_SUSPICIOUS_MOVE = YES;
				CLANG_WARN_UNREACHABLE_CODE = YES;
				CLANG_WARN__DUPLICATE_METHOD_MATCH = YES;
				"CODE_SIGN_IDENTITY[sdk=iphoneos*]" = "iPhone Developer";
				COPY_PHASE_STRIP = YES;
				ENABLE_NS_ASSERTIONS = NO;
				ENABLE_STRICT_OBJC_MSGSEND = YES;
				GCC_C_LANGUAGE_STANDARD = gnu99;
				GCC_NO_COMMON_BLOCKS = YES;
				GCC_WARN_64_TO_32_BIT_CONVERSION = YES;
				GCC_WARN_ABOUT_RETURN_TYPE = YES_ERROR;
				GCC_WARN_UNDECLARED_SELECTOR = YES;
				GCC_WARN_UNINITIALIZED_AUTOS = YES_AGGRESSIVE;
				GCC_WARN_UNUSED_FUNCTION = YES;
				GCC_WARN_UNUSED_VARIABLE = YES;
				IPHONEOS_DEPLOYMENT_TARGET = 8.0;
				SDKROOT = iphoneos;
				SWIFT_INSTALL_OBJC_HEADER = NO;
				SWIFT_OPTIMIZATION_LEVEL = "-Owholemodule";
				SWIFT_VERSION = 3.0;
				TARGETED_DEVICE_FAMILY = "1,2";
				VALIDATE_PRODUCT = YES;
			};
			name = Release;
		};
		6003F5C0195388D20070C39A /* Debug */ = {
			isa = XCBuildConfiguration;
			baseConfigurationReference = FC2103C1AC2A4FC60686039D /* Pods-PXImageViewExample.debug.xcconfig */;
			buildSettings = {
				ASSETCATALOG_COMPILER_APPICON_NAME = AppIcon;
				ASSETCATALOG_COMPILER_LAUNCHIMAGE_NAME = LaunchImage;
				CLANG_ENABLE_MODULES = YES;
				GCC_PRECOMPILE_PREFIX_HEADER = YES;
				GCC_PREFIX_HEADER = "PXImageView/PXImageView-Prefix.pch";
				INFOPLIST_FILE = "PXImageView/PXImageView-Info.plist";
				PRODUCT_BUNDLE_IDENTIFIER = "org.cocoapods.demo.${PRODUCT_NAME:rfc1034identifier}";
				PRODUCT_NAME = "$(TARGET_NAME)";
				SWIFT_OPTIMIZATION_LEVEL = "-Onone";
				SWIFT_VERSION = 3.0;
				WRAPPER_EXTENSION = app;
			};
			name = Debug;
		};
		6003F5C1195388D20070C39A /* Release */ = {
			isa = XCBuildConfiguration;
			baseConfigurationReference = C31D34A11EE0315A44469A09 /* Pods-PXImageViewExample.release.xcconfig */;
			buildSettings = {
				ASSETCATALOG_COMPILER_APPICON_NAME = AppIcon;
				ASSETCATALOG_COMPILER_LAUNCHIMAGE_NAME = LaunchImage;
				CLANG_ENABLE_MODULES = YES;
				GCC_PRECOMPILE_PREFIX_HEADER = YES;
				GCC_PREFIX_HEADER = "PXImageView/PXImageView-Prefix.pch";
				INFOPLIST_FILE = "PXImageView/PXImageView-Info.plist";
				PRODUCT_BUNDLE_IDENTIFIER = "org.cocoapods.demo.${PRODUCT_NAME:rfc1034identifier}";
				PRODUCT_NAME = "$(TARGET_NAME)";
				SWIFT_VERSION = 3.0;
				WRAPPER_EXTENSION = app;
			};
			name = Release;
		};
		6003F5C3195388D20070C39A /* Debug */ = {
			isa = XCBuildConfiguration;
			baseConfigurationReference = 9CC1689DDBD71BA19715E69A /* Pods-Tests.debug.xcconfig */;
			buildSettings = {
				BUNDLE_LOADER = "$(TEST_HOST)";
				FRAMEWORK_SEARCH_PATHS = (
					"$(SDKROOT)/Developer/Library/Frameworks",
					"$(inherited)",
					"$(DEVELOPER_FRAMEWORKS_DIR)",
				);
				GCC_PRECOMPILE_PREFIX_HEADER = YES;
				GCC_PREFIX_HEADER = "Tests/Tests-Prefix.pch";
				GCC_PREPROCESSOR_DEFINITIONS = (
					"DEBUG=1",
					"$(inherited)",
				);
				INFOPLIST_FILE = "Tests/Tests-Info.plist";
				PRODUCT_BUNDLE_IDENTIFIER = "org.cocoapods.demo.${PRODUCT_NAME:rfc1034identifier}";
				PRODUCT_NAME = "$(TARGET_NAME)";
				SWIFT_VERSION = 3.0;
				TEST_HOST = "$(BUILT_PRODUCTS_DIR)/PXImageViewExample.app/PXImageViewExample";
				WRAPPER_EXTENSION = xctest;
			};
			name = Debug;
		};
		6003F5C4195388D20070C39A /* Release */ = {
			isa = XCBuildConfiguration;
			baseConfigurationReference = 1150010C4B1A1A4E92809191 /* Pods-Tests.release.xcconfig */;
			buildSettings = {
				BUNDLE_LOADER = "$(TEST_HOST)";
				FRAMEWORK_SEARCH_PATHS = (
					"$(SDKROOT)/Developer/Library/Frameworks",
					"$(inherited)",
					"$(DEVELOPER_FRAMEWORKS_DIR)",
				);
				GCC_PRECOMPILE_PREFIX_HEADER = YES;
				GCC_PREFIX_HEADER = "Tests/Tests-Prefix.pch";
				INFOPLIST_FILE = "Tests/Tests-Info.plist";
				PRODUCT_BUNDLE_IDENTIFIER = "org.cocoapods.demo.${PRODUCT_NAME:rfc1034identifier}";
				PRODUCT_NAME = "$(TARGET_NAME)";
				SWIFT_VERSION = 3.0;
				TEST_HOST = "$(BUILT_PRODUCTS_DIR)/PXImageViewExample.app/PXImageViewExample";
				WRAPPER_EXTENSION = xctest;
			};
			name = Release;
		};
/* End XCBuildConfiguration section */

/* Begin XCConfigurationList section */
		4BFD95241E4BD063006BD0EE /* Build configuration list for PBXNativeTarget "PXImageViewSwift" */ = {
			isa = XCConfigurationList;
			buildConfigurations = (
				4BFD95201E4BD063006BD0EE /* Debug */,
				4BFD95211E4BD063006BD0EE /* Release */,
			);
			defaultConfigurationIsVisible = 0;
			defaultConfigurationName = Release;
		};
		4BFD95251E4BD063006BD0EE /* Build configuration list for PBXNativeTarget "PXImageViewSwiftTests" */ = {
			isa = XCConfigurationList;
			buildConfigurations = (
				4BFD95221E4BD063006BD0EE /* Debug */,
				4BFD95231E4BD063006BD0EE /* Release */,
			);
			defaultConfigurationIsVisible = 0;
			defaultConfigurationName = Release;
		};
		6003F585195388D10070C39A /* Build configuration list for PBXProject "PXImageView" */ = {
			isa = XCConfigurationList;
			buildConfigurations = (
				6003F5BD195388D20070C39A /* Debug */,
				6003F5BE195388D20070C39A /* Release */,
			);
			defaultConfigurationIsVisible = 0;
			defaultConfigurationName = Release;
		};
		6003F5BF195388D20070C39A /* Build configuration list for PBXNativeTarget "PXImageViewExample" */ = {
			isa = XCConfigurationList;
			buildConfigurations = (
				6003F5C0195388D20070C39A /* Debug */,
				6003F5C1195388D20070C39A /* Release */,
			);
			defaultConfigurationIsVisible = 0;
			defaultConfigurationName = Release;
		};
		6003F5C2195388D20070C39A /* Build configuration list for PBXNativeTarget "Tests" */ = {
			isa = XCConfigurationList;
			buildConfigurations = (
				6003F5C3195388D20070C39A /* Debug */,
				6003F5C4195388D20070C39A /* Release */,
			);
			defaultConfigurationIsVisible = 0;
			defaultConfigurationName = Release;
		};
/* End XCConfigurationList section */
	};
	rootObject = 6003F582195388D10070C39A /* Project object */;
}
